{
  "requires": true,
  "lockfileVersion": 1,
  "dependencies": {
    "react-hook-form": {
      "version": "7.15.0",
      "resolved": "https://registry.npmjs.org/react-hook-form/-/react-hook-form-7.15.0.tgz",
      "integrity": "sha512-UWEkNhcTvA+o/FUZ2RMvpKgxxEg0rJqEjHMDwh3I4TIdHX38TtN8IywyGieqeWLiHEpoNVOuEhLVPZ9/srXUhA=="
    }
  }
}
